
Microsoft Visual Studio Solution File, Format Version 12.00
# Visual Studio Version 17
VisualStudioVersion = 17.11.35222.181
MinimumVisualStudioVersion = 10.0.40219.1
Project("{C9674DCB-5085-4A16-B785-4C70DD1589BD}") = "SSIS", "SSIS.dtproj", "{D87844DD-CB0F-4153-9C2D-113484B5229A}"
EndProject
Global
	GlobalSection(SolutionConfigurationPlatforms) = preSolution
		Development|Default = Development|Default
	EndGlobalSection
	GlobalSection(ProjectConfigurationPlatforms) = postSolution
		{D87844DD-CB0F-4153-9C2D-113484B5229A}.Development|Default.ActiveCfg = Development
		{D87844DD-CB0F-4153-9C2D-113484B5229A}.Development|Default.Build.0 = Development
	EndGlobalSection
	GlobalSection(SolutionProperties) = preSolution
		HideSolutionNode = FALSE
	EndGlobalSection
	GlobalSection(ExtensibilityGlobals) = postSolution
		SolutionGuid = {55F33856-4C00-4429-BFC0-05B4D3EE442D}
	EndGlobalSection
EndGlobal
